
Microsoft Visual Studio Solution File, Format Version 12.00
# Visual Studio Version 16
VisualStudioVersion = 16.0.810.10
MinimumVisualStudioVersion = 10.0.40219.1
Project("{FAE04EC0-301F-11D3-BF4B-00C04F79EFBC}") = "Searchfight.Client", "Searchfight.Client\Searchfight.Client.csproj", "{6C1FF3D3-F43D-49DD-8075-B89D444FD6C1}"
EndProject
Project("{FAE04EC0-301F-11D3-BF4B-00C04F79EFBC}") = "Searchfight.Services", "Searchfight.Services\Searchfight.Services.csproj", "{1E38CA1D-B950-4FEF-92B0-B42515FC3837}"
EndProject
Project("{FAE04EC0-301F-11D3-BF4B-00C04F79EFBC}") = "Searchfight.Tests", "Searchfight.Tests\Searchfight.Tests.csproj", "{3D667102-FA3B-4427-AD7A-C16866A9FC33}"
EndProject
Project("{FAE04EC0-301F-11D3-BF4B-00C04F79EFBC}") = "Searchfight.Domain", "Searchfight.Domain\Searchfight.Domain.csproj", "{6048C9EC-87E3-40A8-9FB3-39218E2EFB67}"
EndProject
Global
	GlobalSection(SolutionConfigurationPlatforms) = preSolution
		Debug|Any CPU = Debug|Any CPU
		Release|Any CPU = Release|Any CPU
	EndGlobalSection
	GlobalSection(ProjectConfigurationPlatforms) = postSolution
		{6C1FF3D3-F43D-49DD-8075-B89D444FD6C1}.Debug|Any CPU.ActiveCfg = Debug|Any CPU
		{6C1FF3D3-F43D-49DD-8075-B89D444FD6C1}.Debug|Any CPU.Build.0 = Debug|Any CPU
		{6C1FF3D3-F43D-49DD-8075-B89D444FD6C1}.Release|Any CPU.ActiveCfg = Release|Any CPU
		{6C1FF3D3-F43D-49DD-8075-B89D444FD6C1}.Release|Any CPU.Build.0 = Release|Any CPU
		{1E38CA1D-B950-4FEF-92B0-B42515FC3837}.Debug|Any CPU.ActiveCfg = Debug|Any CPU
		{1E38CA1D-B950-4FEF-92B0-B42515FC3837}.Debug|Any CPU.Build.0 = Debug|Any CPU
		{1E38CA1D-B950-4FEF-92B0-B42515FC3837}.Release|Any CPU.ActiveCfg = Release|Any CPU
		{1E38CA1D-B950-4FEF-92B0-B42515FC3837}.Release|Any CPU.Build.0 = Release|Any CPU
		{3D667102-FA3B-4427-AD7A-C16866A9FC33}.Debug|Any CPU.ActiveCfg = Debug|Any CPU
		{3D667102-FA3B-4427-AD7A-C16866A9FC33}.Debug|Any CPU.Build.0 = Debug|Any CPU
		{3D667102-FA3B-4427-AD7A-C16866A9FC33}.Release|Any CPU.ActiveCfg = Release|Any CPU
		{3D667102-FA3B-4427-AD7A-C16866A9FC33}.Release|Any CPU.Build.0 = Release|Any CPU
		{6048C9EC-87E3-40A8-9FB3-39218E2EFB67}.Debug|Any CPU.ActiveCfg = Debug|Any CPU
		{6048C9EC-87E3-40A8-9FB3-39218E2EFB67}.Debug|Any CPU.Build.0 = Debug|Any CPU
		{6048C9EC-87E3-40A8-9FB3-39218E2EFB67}.Release|Any CPU.ActiveCfg = Release|Any CPU
		{6048C9EC-87E3-40A8-9FB3-39218E2EFB67}.Release|Any CPU.Build.0 = Release|Any CPU
	EndGlobalSection
	GlobalSection(SolutionProperties) = preSolution
		HideSolutionNode = FALSE
	EndGlobalSection
	GlobalSection(ExtensibilityGlobals) = postSolution
		SolutionGuid = {621F2437-B6B6-400A-9352-6200198E6D5B}
	EndGlobalSection
EndGlobal
